# THIS IS AN AUTOGENERATED FILE. DO NOT EDIT THIS FILE DIRECTLY.
# yarn lockfile v1


"@alheimsins/b5-result-text@Abler-Recrutamento-Digital/genty-b5-result-text#latest":
  version "3.0.7"
  resolved "https://codeload.github.com/Abler-Recrutamento-Digital/genty-b5-result-text/tar.gz/2fa8d6d4046e9fc301add9717ae368d725a12d3d"
